// !$*UTF8*$!
{
	archiveVersion = 1;
	classes = {
	};
	objectVersion = 70;
	objects = {

/* Begin PBXBuildFile section */
		80A3E292E85B6E578688599D /* Pods_ToDoApp.framework in Frameworks */ = {isa = PBXBuildFile; fileRef = 8E8AEEAFA02BCEB058DFC458 /* Pods_ToDoApp.framework */; };
		C71E76F52D68BB6100666002 /* AppDelegate.swift in Sources */ = {isa = PBXBuildFile; fileRef = C71E76F42D68BB6100666002 /* AppDelegate.swift */; };
		C71E76F72D68BB6100666002 /* SceneDelegate.swift in Sources */ = {isa = PBXBuildFile; fileRef = C71E76F62D68BB6100666002 /* SceneDelegate.swift */; };
		C71E76FE2D68BB6300666002 /* Assets.xcassets in Resources */ = {isa = PBXBuildFile; fileRef = C71E76FD2D68BB6300666002 /* Assets.xcassets */; };
		C71E77012D68BB6300666002 /* Base in Resources */ = {isa = PBXBuildFile; fileRef = C71E77002D68BB6300666002 /* Base */; };
		C7312E632D7A220E0067222B /* Pods_ToDoApp.framework in Frameworks */ = {isa = PBXBuildFile; fileRef = C7312E622D7A220E0067222B /* Pods_ToDoApp.framework */; };
		C7312E642D7A220E0067222B /* Pods_ToDoApp.framework in Embed Frameworks */ = {isa = PBXBuildFile; fileRef = C7312E622D7A220E0067222B /* Pods_ToDoApp.framework */; settings = {ATTRIBUTES = (CodeSignOnCopy, RemoveHeadersOnCopy, ); }; };
		C78CF3812D7A1C5C00E7AF45 /* ToDoListTests.swift in Sources */ = {isa = PBXBuildFile; fileRef = C78CF3802D7A1C5C00E7AF45 /* ToDoListTests.swift */; };
		C78CF3AE2D7A20C900E7AF45 /* CoreDataServiceTests.swift in Sources */ = {isa = PBXBuildFile; fileRef = C78CF38D2D7A1E3000E7AF45 /* CoreDataServiceTests.swift */; };
		C78CF3AF2D7A20D100E7AF45 /* TaskListPresenterTests.swift in Sources */ = {isa = PBXBuildFile; fileRef = C78CF39A2D7A1E6F00E7AF45 /* TaskListPresenterTests.swift */; };
		C78CF3B02D7A20D700E7AF45 /* TaskDetailPresenterTests.swift in Sources */ = {isa = PBXBuildFile; fileRef = C78CF3A72D7A1EA500E7AF45 /* TaskDetailPresenterTests.swift */; };
/* End PBXBuildFile section */

/* Begin PBXContainerItemProxy section */
		C78CF3822D7A1C5C00E7AF45 /* PBXContainerItemProxy */ = {
			isa = PBXContainerItemProxy;
			containerPortal = C71E76E92D68BB6100666002 /* Project object */;
			proxyType = 1;
			remoteGlobalIDString = C71E76F02D68BB6100666002;
			remoteInfo = ToDoApp;
		};
		C78CF38F2D7A1E3000E7AF45 /* PBXContainerItemProxy */ = {
			isa = PBXContainerItemProxy;
			containerPortal = C71E76E92D68BB6100666002 /* Project object */;
			proxyType = 1;
			remoteGlobalIDString = C71E76F02D68BB6100666002;
			remoteInfo = ToDoApp;
		};
		C78CF39C2D7A1E6F00E7AF45 /* PBXContainerItemProxy */ = {
			isa = PBXContainerItemProxy;
			containerPortal = C71E76E92D68BB6100666002 /* Project object */;
			proxyType = 1;
			remoteGlobalIDString = C71E76F02D68BB6100666002;
			remoteInfo = ToDoApp;
		};
		C78CF3A92D7A1EA500E7AF45 /* PBXContainerItemProxy */ = {
			isa = PBXContainerItemProxy;
			containerPortal = C71E76E92D68BB6100666002 /* Project object */;
			proxyType = 1;
			remoteGlobalIDString = C71E76F02D68BB6100666002;
			remoteInfo = ToDoApp;
		};
/* End PBXContainerItemProxy section */

/* Begin PBXCopyFilesBuildPhase section */
		C7312E652D7A220E0067222B /* Embed Frameworks */ = {
			isa = PBXCopyFilesBuildPhase;
			buildActionMask = 2147483647;
			dstPath = "";
			dstSubfolderSpec = 10;
			files = (
				C7312E642D7A220E0067222B /* Pods_ToDoApp.framework in Embed Frameworks */,
			);
			name = "Embed Frameworks";
			runOnlyForDeploymentPostprocessing = 0;
		};
/* End PBXCopyFilesBuildPhase section */

/* Begin PBXFileReference section */
		551EC690CE60B1C6A6D3D3C0 /* Pods-ToDoApp.debug.xcconfig */ = {isa = PBXFileReference; includeInIndex = 1; lastKnownFileType = text.xcconfig; name = "Pods-ToDoApp.debug.xcconfig"; path = "Target Support Files/Pods-ToDoApp/Pods-ToDoApp.debug.xcconfig"; sourceTree = "<group>"; };
		5A255F8035D18470603E742C /* Pods-ToDoApp.release.xcconfig */ = {isa = PBXFileReference; includeInIndex = 1; lastKnownFileType = text.xcconfig; name = "Pods-ToDoApp.release.xcconfig"; path = "Target Support Files/Pods-ToDoApp/Pods-ToDoApp.release.xcconfig"; sourceTree = "<group>"; };
		8E8AEEAFA02BCEB058DFC458 /* Pods_ToDoApp.framework */ = {isa = PBXFileReference; explicitFileType = wrapper.framework; includeInIndex = 0; path = Pods_ToDoApp.framework; sourceTree = BUILT_PRODUCTS_DIR; };
		C71E76F12D68BB6100666002 /* ToDoApp.app */ = {isa = PBXFileReference; explicitFileType = wrapper.application; includeInIndex = 0; path = ToDoApp.app; sourceTree = BUILT_PRODUCTS_DIR; };
		C71E76F42D68BB6100666002 /* AppDelegate.swift */ = {isa = PBXFileReference; lastKnownFileType = sourcecode.swift; path = AppDelegate.swift; sourceTree = "<group>"; };
		C71E76F62D68BB6100666002 /* SceneDelegate.swift */ = {isa = PBXFileReference; lastKnownFileType = sourcecode.swift; path = SceneDelegate.swift; sourceTree = "<group>"; };
		C71E76FD2D68BB6300666002 /* Assets.xcassets */ = {isa = PBXFileReference; lastKnownFileType = folder.assetcatalog; path = Assets.xcassets; sourceTree = "<group>"; };
		C71E77002D68BB6300666002 /* Base */ = {isa = PBXFileReference; lastKnownFileType = file.storyboard; name = Base; path = Base.lproj/LaunchScreen.storyboard; sourceTree = "<group>"; };
		C71E77022D68BB6300666002 /* Info.plist */ = {isa = PBXFileReference; lastKnownFileType = text.plist.xml; path = Info.plist; sourceTree = "<group>"; };
		C7312E622D7A220E0067222B /* Pods_ToDoApp.framework */ = {isa = PBXFileReference; explicitFileType = wrapper.framework; path = Pods_ToDoApp.framework; sourceTree = BUILT_PRODUCTS_DIR; };
		C78CF37E2D7A1C5C00E7AF45 /* ToDoListTests.xctest */ = {isa = PBXFileReference; explicitFileType = wrapper.cfbundle; includeInIndex = 0; path = ToDoListTests.xctest; sourceTree = BUILT_PRODUCTS_DIR; };
		C78CF3802D7A1C5C00E7AF45 /* ToDoListTests.swift */ = {isa = PBXFileReference; lastKnownFileType = sourcecode.swift; path = ToDoListTests.swift; sourceTree = "<group>"; };
		C78CF38B2D7A1E3000E7AF45 /* CoreDataServiceTests.xctest */ = {isa = PBXFileReference; explicitFileType = wrapper.cfbundle; includeInIndex = 0; path = CoreDataServiceTests.xctest; sourceTree = BUILT_PRODUCTS_DIR; };
		C78CF38D2D7A1E3000E7AF45 /* CoreDataServiceTests.swift */ = {isa = PBXFileReference; lastKnownFileType = sourcecode.swift; path = CoreDataServiceTests.swift; sourceTree = "<group>"; };
		C78CF3982D7A1E6F00E7AF45 /* TaskListPresenterTests.xctest */ = {isa = PBXFileReference; explicitFileType = wrapper.cfbundle; includeInIndex = 0; path = TaskListPresenterTests.xctest; sourceTree = BUILT_PRODUCTS_DIR; };
		C78CF39A2D7A1E6F00E7AF45 /* TaskListPresenterTests.swift */ = {isa = PBXFileReference; lastKnownFileType = sourcecode.swift; path = TaskListPresenterTests.swift; sourceTree = "<group>"; };
		C78CF3A52D7A1EA500E7AF45 /* TaskDetailPresenterTests.xctest */ = {isa = PBXFileReference; explicitFileType = wrapper.cfbundle; includeInIndex = 0; path = TaskDetailPresenterTests.xctest; sourceTree = BUILT_PRODUCTS_DIR; };
		C78CF3A72D7A1EA500E7AF45 /* TaskDetailPresenterTests.swift */ = {isa = PBXFileReference; lastKnownFileType = sourcecode.swift; path = TaskDetailPresenterTests.swift; sourceTree = "<group>"; };
/* End PBXFileReference section */

/* Begin PBXFileSystemSynchronizedRootGroup section */
		C7D1623E2D8369780091B64A /* Modules */ = {isa = PBXFileSystemSynchronizedRootGroup; explicitFileTypes = {}; explicitFolders = (); path = Modules; sourceTree = "<group>"; };
		C7D1623F2D83698B0091B64A /* Models */ = {isa = PBXFileSystemSynchronizedRootGroup; explicitFileTypes = {}; explicitFolders = (); path = Models; sourceTree = "<group>"; };
		C7D162402D8369940091B64A /* Services */ = {isa = PBXFileSystemSynchronizedRootGroup; explicitFileTypes = {}; explicitFolders = (); path = Services; sourceTree = "<group>"; };
/* End PBXFileSystemSynchronizedRootGroup section */

/* Begin PBXFrameworksBuildPhase section */
		C71E76EE2D68BB6100666002 /* Frameworks */ = {
			isa = PBXFrameworksBuildPhase;
			buildActionMask = 2147483647;
			files = (
				80A3E292E85B6E578688599D /* Pods_ToDoApp.framework in Frameworks */,
			);
			runOnlyForDeploymentPostprocessing = 0;
		};
		C78CF37B2D7A1C5C00E7AF45 /* Frameworks */ = {
			isa = PBXFrameworksBuildPhase;
			buildActionMask = 2147483647;
			files = (
				C7312E632D7A220E0067222B /* Pods_ToDoApp.framework in Frameworks */,
			);
			runOnlyForDeploymentPostprocessing = 0;
		};
		C78CF3882D7A1E3000E7AF45 /* Frameworks */ = {
			isa = PBXFrameworksBuildPhase;
			buildActionMask = 2147483647;
			files = (
			);
			runOnlyForDeploymentPostprocessing = 0;
		};
		C78CF3952D7A1E6F00E7AF45 /* Frameworks */ = {
			isa = PBXFrameworksBuildPhase;
			buildActionMask = 2147483647;
			files = (
			);
			runOnlyForDeploymentPostprocessing = 0;
		};
		C78CF3A22D7A1EA500E7AF45 /* Frameworks */ = {
			isa = PBXFrameworksBuildPhase;
			buildActionMask = 2147483647;
			files = (
			);
			runOnlyForDeploymentPostprocessing = 0;
		};
/* End PBXFrameworksBuildPhase section */

/* Begin PBXGroup section */
		25906514BE6477EB95F48B7D /* Pods */ = {
			isa = PBXGroup;
			children = (
				551EC690CE60B1C6A6D3D3C0 /* Pods-ToDoApp.debug.xcconfig */,
				5A255F8035D18470603E742C /* Pods-ToDoApp.release.xcconfig */,
			);
			path = Pods;
			sourceTree = "<group>";
		};
		83259B0C92B608ADF6664DE6 /* Frameworks */ = {
			isa = PBXGroup;
			children = (
				C7312E622D7A220E0067222B /* Pods_ToDoApp.framework */,
				8E8AEEAFA02BCEB058DFC458 /* Pods_ToDoApp.framework */,
			);
			name = Frameworks;
			sourceTree = "<group>";
		};
		C71E76E82D68BB6100666002 = {
			isa = PBXGroup;
			children = (
				C71E76F32D68BB6100666002 /* ToDoApp */,
				C78CF37F2D7A1C5C00E7AF45 /* ToDoListTests */,
				C71E76F22D68BB6100666002 /* Products */,
				25906514BE6477EB95F48B7D /* Pods */,
				83259B0C92B608ADF6664DE6 /* Frameworks */,
			);
			sourceTree = "<group>";
		};
		C71E76F22D68BB6100666002 /* Products */ = {
			isa = PBXGroup;
			children = (
				C71E76F12D68BB6100666002 /* ToDoApp.app */,
				C78CF37E2D7A1C5C00E7AF45 /* ToDoListTests.xctest */,
				C78CF38B2D7A1E3000E7AF45 /* CoreDataServiceTests.xctest */,
				C78CF3982D7A1E6F00E7AF45 /* TaskListPresenterTests.xctest */,
				C78CF3A52D7A1EA500E7AF45 /* TaskDetailPresenterTests.xctest */,
			);
			name = Products;
			sourceTree = "<group>";
		};
		C71E76F32D68BB6100666002 /* ToDoApp */ = {
			isa = PBXGroup;
			children = (
				C7D162402D8369940091B64A /* Services */,
				C7D1623F2D83698B0091B64A /* Models */,
				C7D1623E2D8369780091B64A /* Modules */,
				C71E76F42D68BB6100666002 /* AppDelegate.swift */,
				C71E76F62D68BB6100666002 /* SceneDelegate.swift */,
				C71E76FD2D68BB6300666002 /* Assets.xcassets */,
				C71E76FF2D68BB6300666002 /* LaunchScreen.storyboard */,
				C71E77022D68BB6300666002 /* Info.plist */,
			);
			path = ToDoApp;
			sourceTree = "<group>";
		};
		C78CF37F2D7A1C5C00E7AF45 /* ToDoListTests */ = {
			isa = PBXGroup;
			children = (
				C78CF3802D7A1C5C00E7AF45 /* ToDoListTests.swift */,
				C78CF38D2D7A1E3000E7AF45 /* CoreDataServiceTests.swift */,
				C78CF39A2D7A1E6F00E7AF45 /* TaskListPresenterTests.swift */,
				C78CF3A72D7A1EA500E7AF45 /* TaskDetailPresenterTests.swift */,
			);
			path = ToDoListTests;
			sourceTree = "<group>";
		};
/* End PBXGroup section */

/* Begin PBXNativeTarget section */
		C71E76F02D68BB6100666002 /* ToDoApp */ = {
			isa = PBXNativeTarget;
			buildConfigurationList = C71E77052D68BB6300666002 /* Build configuration list for PBXNativeTarget "ToDoApp" */;
			buildPhases = (
				9CFC7CF24180372E24D88CA0 /* [CP] Check Pods Manifest.lock */,
				C71E76ED2D68BB6100666002 /* Sources */,
				C71E76EE2D68BB6100666002 /* Frameworks */,
				C71E76EF2D68BB6100666002 /* Resources */,
				60C1E7C5E8B03C97DDF27F29 /* [CP] Embed Pods Frameworks */,
			);
			buildRules = (
			);
			dependencies = (
			);
			fileSystemSynchronizedGroups = (
				C7D1623E2D8369780091B64A /* Modules */,
				C7D1623F2D83698B0091B64A /* Models */,
				C7D162402D8369940091B64A /* Services */,
			);
			name = ToDoApp;
			productName = ToDoApp;
			productReference = C71E76F12D68BB6100666002 /* ToDoApp.app */;
			productType = "com.apple.product-type.application";
		};
		C78CF37D2D7A1C5C00E7AF45 /* ToDoListTests */ = {
			isa = PBXNativeTarget;
			buildConfigurationList = C78CF3862D7A1C5C00E7AF45 /* Build configuration list for PBXNativeTarget "ToDoListTests" */;
			buildPhases = (
				C78CF37A2D7A1C5C00E7AF45 /* Sources */,
				C78CF37B2D7A1C5C00E7AF45 /* Frameworks */,
				C78CF37C2D7A1C5C00E7AF45 /* Resources */,
				C7312E652D7A220E0067222B /* Embed Frameworks */,
			);
			buildRules = (
			);
			dependencies = (
				C78CF3832D7A1C5C00E7AF45 /* PBXTargetDependency */,
			);
			name = ToDoListTests;
			productName = ToDoListTests;
			productReference = C78CF37E2D7A1C5C00E7AF45 /* ToDoListTests.xctest */;
			productType = "com.apple.product-type.bundle.unit-test";
		};
		C78CF38A2D7A1E3000E7AF45 /* CoreDataServiceTests */ = {
			isa = PBXNativeTarget;
			buildConfigurationList = C78CF3912D7A1E3000E7AF45 /* Build configuration list for PBXNativeTarget "CoreDataServiceTests" */;
			buildPhases = (
				C78CF3872D7A1E3000E7AF45 /* Sources */,
				C78CF3882D7A1E3000E7AF45 /* Frameworks */,
				C78CF3892D7A1E3000E7AF45 /* Resources */,
			);
			buildRules = (
			);
			dependencies = (
				C78CF3902D7A1E3000E7AF45 /* PBXTargetDependency */,
			);
			name = CoreDataServiceTests;
			productName = CoreDataServiceTests;
			productReference = C78CF38B2D7A1E3000E7AF45 /* CoreDataServiceTests.xctest */;
			productType = "com.apple.product-type.bundle.unit-test";
		};
		C78CF3972D7A1E6F00E7AF45 /* TaskListPresenterTests */ = {
			isa = PBXNativeTarget;
			buildConfigurationList = C78CF39E2D7A1E6F00E7AF45 /* Build configuration list for PBXNativeTarget "TaskListPresenterTests" */;
			buildPhases = (
				C78CF3942D7A1E6F00E7AF45 /* Sources */,
				C78CF3952D7A1E6F00E7AF45 /* Frameworks */,
				C78CF3962D7A1E6F00E7AF45 /* Resources */,
			);
			buildRules = (
			);
			dependencies = (
				C78CF39D2D7A1E6F00E7AF45 /* PBXTargetDependency */,
			);
			name = TaskListPresenterTests;
			productName = TaskListPresenterTests;
			productReference = C78CF3982D7A1E6F00E7AF45 /* TaskListPresenterTests.xctest */;
			productType = "com.apple.product-type.bundle.unit-test";
		};
		C78CF3A42D7A1EA500E7AF45 /* TaskDetailPresenterTests */ = {
			isa = PBXNativeTarget;
			buildConfigurationList = C78CF3AB2D7A1EA500E7AF45 /* Build configuration list for PBXNativeTarget "TaskDetailPresenterTests" */;
			buildPhases = (
				C78CF3A12D7A1EA500E7AF45 /* Sources */,
				C78CF3A22D7A1EA500E7AF45 /* Frameworks */,
				C78CF3A32D7A1EA500E7AF45 /* Resources */,
			);
			buildRules = (
			);
			dependencies = (
				C78CF3AA2D7A1EA500E7AF45 /* PBXTargetDependency */,
			);
			name = TaskDetailPresenterTests;
			productName = TaskDetailPresenterTests;
			productReference = C78CF3A52D7A1EA500E7AF45 /* TaskDetailPresenterTests.xctest */;
			productType = "com.apple.product-type.bundle.unit-test";
		};
/* End PBXNativeTarget section */

/* Begin PBXProject section */
		C71E76E92D68BB6100666002 /* Project object */ = {
			isa = PBXProject;
			attributes = {
				BuildIndependentTargetsInParallel = 1;
				LastSwiftUpdateCheck = 1540;
				LastUpgradeCheck = 1540;
				TargetAttributes = {
					C71E76F02D68BB6100666002 = {
						CreatedOnToolsVersion = 15.4;
					};
					C78CF37D2D7A1C5C00E7AF45 = {
						CreatedOnToolsVersion = 15.4;
						TestTargetID = C71E76F02D68BB6100666002;
					};
					C78CF38A2D7A1E3000E7AF45 = {
						CreatedOnToolsVersion = 15.4;
						TestTargetID = C71E76F02D68BB6100666002;
					};
					C78CF3972D7A1E6F00E7AF45 = {
						CreatedOnToolsVersion = 15.4;
						TestTargetID = C71E76F02D68BB6100666002;
					};
					C78CF3A42D7A1EA500E7AF45 = {
						CreatedOnToolsVersion = 15.4;
						TestTargetID = C71E76F02D68BB6100666002;
					};
				};
			};
			buildConfigurationList = C71E76EC2D68BB6100666002 /* Build configuration list for PBXProject "ToDoApp" */;
			compatibilityVersion = "Xcode 14.0";
			developmentRegion = en;
			hasScannedForEncodings = 0;
			knownRegions = (
				en,
				Base,
			);
			mainGroup = C71E76E82D68BB6100666002;
			productRefGroup = C71E76F22D68BB6100666002 /* Products */;
			projectDirPath = "";
			projectRoot = "";
			targets = (
				C71E76F02D68BB6100666002 /* ToDoApp */,
				C78CF37D2D7A1C5C00E7AF45 /* ToDoListTests */,
				C78CF38A2D7A1E3000E7AF45 /* CoreDataServiceTests */,
				C78CF3972D7A1E6F00E7AF45 /* TaskListPresenterTests */,
				C78CF3A42D7A1EA500E7AF45 /* TaskDetailPresenterTests */,
			);
		};
/* End PBXProject section */

/* Begin PBXResourcesBuildPhase section */
		C71E76EF2D68BB6100666002 /* Resources */ = {
			isa = PBXResourcesBuildPhase;
			buildActionMask = 2147483647;
			files = (
				C71E76FE2D68BB6300666002 /* Assets.xcassets in Resources */,
				C71E77012D68BB6300666002 /* Base in Resources */,
			);
			runOnlyForDeploymentPostprocessing = 0;
		};
		C78CF37C2D7A1C5C00E7AF45 /* Resources */ = {
			isa = PBXResourcesBuildPhase;
			buildActionMask = 2147483647;
			files = (
			);
			runOnlyForDeploymentPostprocessing = 0;
		};
		C78CF3892D7A1E3000E7AF45 /* Resources */ = {
			isa = PBXResourcesBuildPhase;
			buildActionMask = 2147483647;
			files = (
			);
			runOnlyForDeploymentPostprocessing = 0;
		};
		C78CF3962D7A1E6F00E7AF45 /* Resources */ = {
			isa = PBXResourcesBuildPhase;
			buildActionMask = 2147483647;
			files = (
			);
			runOnlyForDeploymentPostprocessing = 0;
		};
		C78CF3A32D7A1EA500E7AF45 /* Resources */ = {
			isa = PBXResourcesBuildPhase;
			buildActionMask = 2147483647;
			files = (
			);
			runOnlyForDeploymentPostprocessing = 0;
		};
/* End PBXResourcesBuildPhase section */

/* Begin PBXShellScriptBuildPhase section */
		60C1E7C5E8B03C97DDF27F29 /* [CP] Embed Pods Frameworks */ = {
			isa = PBXShellScriptBuildPhase;
			buildActionMask = 2147483647;
			files = (
			);
			inputFileListPaths = (
				"${PODS_ROOT}/Target Support Files/Pods-ToDoApp/Pods-ToDoApp-frameworks-${CONFIGURATION}-input-files.xcfilelist",
			);
			name = "[CP] Embed Pods Frameworks";
			outputFileListPaths = (
				"${PODS_ROOT}/Target Support Files/Pods-ToDoApp/Pods-ToDoApp-frameworks-${CONFIGURATION}-output-files.xcfilelist",
			);
			runOnlyForDeploymentPostprocessing = 0;
			shellPath = /bin/sh;
			shellScript = "\"${PODS_ROOT}/Target Support Files/Pods-ToDoApp/Pods-ToDoApp-frameworks.sh\"\n";
			showEnvVarsInLog = 0;
		};
		9CFC7CF24180372E24D88CA0 /* [CP] Check Pods Manifest.lock */ = {
			isa = PBXShellScriptBuildPhase;
			buildActionMask = 2147483647;
			files = (
			);
			inputFileListPaths = (
			);
			inputPaths = (
				"${PODS_PODFILE_DIR_PATH}/Podfile.lock",
				"${PODS_ROOT}/Manifest.lock",
			);
			name = "[CP] Check Pods Manifest.lock";
			outputFileListPaths = (
			);
			outputPaths = (
				"$(DERIVED_FILE_DIR)/Pods-ToDoApp-checkManifestLockResult.txt",
			);
			runOnlyForDeploymentPostprocessing = 0;
			shellPath = /bin/sh;
			shellScript = "diff \"${PODS_PODFILE_DIR_PATH}/Podfile.lock\" \"${PODS_ROOT}/Manifest.lock\" > /dev/null\nif [ $? != 0 ] ; then\n    # print error to STDERR\n    echo \"error: The sandbox is not in sync with the Podfile.lock. Run 'pod install' or update your CocoaPods installation.\" >&2\n    exit 1\nfi\n# This output is used by Xcode 'outputs' to avoid re-running this script phase.\necho \"SUCCESS\" > \"${SCRIPT_OUTPUT_FILE_0}\"\n";
			showEnvVarsInLog = 0;
		};
/* End PBXShellScriptBuildPhase section */

/* Begin PBXSourcesBuildPhase section */
		C71E76ED2D68BB6100666002 /* Sources */ = {
			isa = PBXSourcesBuildPhase;
			buildActionMask = 2147483647;
			files = (
				C71E76F52D68BB6100666002 /* AppDelegate.swift in Sources */,
				C71E76F72D68BB6100666002 /* SceneDelegate.swift in Sources */,
			);
			runOnlyForDeploymentPostprocessing = 0;
		};
		C78CF37A2D7A1C5C00E7AF45 /* Sources */ = {
			isa = PBXSourcesBuildPhase;
			buildActionMask = 2147483647;
			files = (
				C78CF3AE2D7A20C900E7AF45 /* CoreDataServiceTests.swift in Sources */,
				C78CF3AF2D7A20D100E7AF45 /* TaskListPresenterTests.swift in Sources */,
				C78CF3B02D7A20D700E7AF45 /* TaskDetailPresenterTests.swift in Sources */,
				C78CF3812D7A1C5C00E7AF45 /* ToDoListTests.swift in Sources */,
			);
			runOnlyForDeploymentPostprocessing = 0;
		};
		C78CF3872D7A1E3000E7AF45 /* Sources */ = {
			isa = PBXSourcesBuildPhase;
			buildActionMask = 2147483647;
			files = (
			);
			runOnlyForDeploymentPostprocessing = 0;
		};
		C78CF3942D7A1E6F00E7AF45 /* Sources */ = {
			isa = PBXSourcesBuildPhase;
			buildActionMask = 2147483647;
			files = (
			);
			runOnlyForDeploymentPostprocessing = 0;
		};
		C78CF3A12D7A1EA500E7AF45 /* Sources */ = {
			isa = PBXSourcesBuildPhase;
			buildActionMask = 2147483647;
			files = (
			);
			runOnlyForDeploymentPostprocessing = 0;
		};
/* End PBXSourcesBuildPhase section */

/* Begin PBXTargetDependency section */
		C78CF3832D7A1C5C00E7AF45 /* PBXTargetDependency */ = {
			isa = PBXTargetDependency;
			target = C71E76F02D68BB6100666002 /* ToDoApp */;
			targetProxy = C78CF3822D7A1C5C00E7AF45 /* PBXContainerItemProxy */;
		};
		C78CF3902D7A1E3000E7AF45 /* PBXTargetDependency */ = {
			isa = PBXTargetDependency;
			target = C71E76F02D68BB6100666002 /* ToDoApp */;
			targetProxy = C78CF38F2D7A1E3000E7AF45 /* PBXContainerItemProxy */;
		};
		C78CF39D2D7A1E6F00E7AF45 /* PBXTargetDependency */ = {
			isa = PBXTargetDependency;
			target = C71E76F02D68BB6100666002 /* ToDoApp */;
			targetProxy = C78CF39C2D7A1E6F00E7AF45 /* PBXContainerItemProxy */;
		};
		C78CF3AA2D7A1EA500E7AF45 /* PBXTargetDependency */ = {
			isa = PBXTargetDependency;
			target = C71E76F02D68BB6100666002 /* ToDoApp */;
			targetProxy = C78CF3A92D7A1EA500E7AF45 /* PBXContainerItemProxy */;
		};
/* End PBXTargetDependency section */

/* Begin PBXVariantGroup section */
		C71E76FF2D68BB6300666002 /* LaunchScreen.storyboard */ = {
			isa = PBXVariantGroup;
			children = (
				C71E77002D68BB6300666002 /* Base */,
			);
			name = LaunchScreen.storyboard;
			sourceTree = "<group>";
		};
/* End PBXVariantGroup section */

/* Begin XCBuildConfiguration section */
		C71E77032D68BB6300666002 /* Debug */ = {
			isa = XCBuildConfiguration;
			buildSettings = {
				ALWAYS_SEARCH_USER_PATHS = NO;
				ASSETCATALOG_COMPILER_GENERATE_SWIFT_ASSET_SYMBOL_EXTENSIONS = YES;
				CLANG_ANALYZER_NONNULL = YES;
				CLANG_ANALYZER_NUMBER_OBJECT_CONVERSION = YES_AGGRESSIVE;
				CLANG_CXX_LANGUAGE_STANDARD = "gnu++20";
				CLANG_ENABLE_MODULES = YES;
				CLANG_ENABLE_OBJC_ARC = YES;
				CLANG_ENABLE_OBJC_WEAK = YES;
				CLANG_WARN_BLOCK_CAPTURE_AUTORELEASING = YES;
				CLANG_WARN_BOOL_CONVERSION = YES;
				CLANG_WARN_COMMA = YES;
				CLANG_WARN_CONSTANT_CONVERSION = YES;
				CLANG_WARN_DEPRECATED_OBJC_IMPLEMENTATIONS = YES;
				CLANG_WARN_DIRECT_OBJC_ISA_USAGE = YES_ERROR;
				CLANG_WARN_DOCUMENTATION_COMMENTS = YES;
				CLANG_WARN_EMPTY_BODY = YES;
				CLANG_WARN_ENUM_CONVERSION = YES;
				CLANG_WARN_INFINITE_RECURSION = YES;
				CLANG_WARN_INT_CONVERSION = YES;
				CLANG_WARN_NON_LITERAL_NULL_CONVERSION = YES;
				CLANG_WARN_OBJC_IMPLICIT_RETAIN_SELF = YES;
				CLANG_WARN_OBJC_LITERAL_CONVERSION = YES;
				CLANG_WARN_OBJC_ROOT_CLASS = YES_ERROR;
				CLANG_WARN_QUOTED_INCLUDE_IN_FRAMEWORK_HEADER = YES;
				CLANG_WARN_RANGE_LOOP_ANALYSIS = YES;
				CLANG_WARN_STRICT_PROTOTYPES = YES;
				CLANG_WARN_SUSPICIOUS_MOVE = YES;
				CLANG_WARN_UNGUARDED_AVAILABILITY = YES_AGGRESSIVE;
				CLANG_WARN_UNREACHABLE_CODE = YES;
				CLANG_WARN__DUPLICATE_METHOD_MATCH = YES;
				COPY_PHASE_STRIP = NO;
				DEBUG_INFORMATION_FORMAT = dwarf;
				ENABLE_STRICT_OBJC_MSGSEND = YES;
				ENABLE_TESTABILITY = YES;
				ENABLE_USER_SCRIPT_SANDBOXING = YES;
				GCC_C_LANGUAGE_STANDARD = gnu17;
				GCC_DYNAMIC_NO_PIC = NO;
				GCC_NO_COMMON_BLOCKS = YES;
				GCC_OPTIMIZATION_LEVEL = 0;
				GCC_PREPROCESSOR_DEFINITIONS = (
					"DEBUG=1",
					"$(inherited)",
				);
				GCC_WARN_64_TO_32_BIT_CONVERSION = YES;
				GCC_WARN_ABOUT_RETURN_TYPE = YES_ERROR;
				GCC_WARN_UNDECLARED_SELECTOR = YES;
				GCC_WARN_UNINITIALIZED_AUTOS = YES_AGGRESSIVE;
				GCC_WARN_UNUSED_FUNCTION = YES;
				GCC_WARN_UNUSED_VARIABLE = YES;
				IPHONEOS_DEPLOYMENT_TARGET = 17.5;
				LOCALIZATION_PREFERS_STRING_CATALOGS = YES;
				MTL_ENABLE_DEBUG_INFO = INCLUDE_SOURCE;
				MTL_FAST_MATH = YES;
				ONLY_ACTIVE_ARCH = YES;
				SDKROOT = iphoneos;
				SWIFT_ACTIVE_COMPILATION_CONDITIONS = "DEBUG $(inherited)";
				SWIFT_OPTIMIZATION_LEVEL = "-Onone";
			};
			name = Debug;
		};
		C71E77042D68BB6300666002 /* Release */ = {
			isa = XCBuildConfiguration;
			buildSettings = {
				ALWAYS_SEARCH_USER_PATHS = NO;
				ASSETCATALOG_COMPILER_GENERATE_SWIFT_ASSET_SYMBOL_EXTENSIONS = YES;
				CLANG_ANALYZER_NONNULL = YES;
				CLANG_ANALYZER_NUMBER_OBJECT_CONVERSION = YES_AGGRESSIVE;
				CLANG_CXX_LANGUAGE_STANDARD = "gnu++20";
				CLANG_ENABLE_MODULES = YES;
				CLANG_ENABLE_OBJC_ARC = YES;
				CLANG_ENABLE_OBJC_WEAK = YES;
				CLANG_WARN_BLOCK_CAPTURE_AUTORELEASING = YES;
				CLANG_WARN_BOOL_CONVERSION = YES;
				CLANG_WARN_COMMA = YES;
				CLANG_WARN_CONSTANT_CONVERSION = YES;
				CLANG_WARN_DEPRECATED_OBJC_IMPLEMENTATIONS = YES;
				CLANG_WARN_DIRECT_OBJC_ISA_USAGE = YES_ERROR;
				CLANG_WARN_DOCUMENTATION_COMMENTS = YES;
				CLANG_WARN_EMPTY_BODY = YES;
				CLANG_WARN_ENUM_CONVERSION = YES;
				CLANG_WARN_INFINITE_RECURSION = YES;
				CLANG_WARN_INT_CONVERSION = YES;
				CLANG_WARN_NON_LITERAL_NULL_CONVERSION = YES;
				CLANG_WARN_OBJC_IMPLICIT_RETAIN_SELF = YES;
				CLANG_WARN_OBJC_LITERAL_CONVERSION = YES;
				CLANG_WARN_OBJC_ROOT_CLASS = YES_ERROR;
				CLANG_WARN_QUOTED_INCLUDE_IN_FRAMEWORK_HEADER = YES;
				CLANG_WARN_RANGE_LOOP_ANALYSIS = YES;
				CLANG_WARN_STRICT_PROTOTYPES = YES;
				CLANG_WARN_SUSPICIOUS_MOVE = YES;
				CLANG_WARN_UNGUARDED_AVAILABILITY = YES_AGGRESSIVE;
				CLANG_WARN_UNREACHABLE_CODE = YES;
				CLANG_WARN__DUPLICATE_METHOD_MATCH = YES;
				COPY_PHASE_STRIP = NO;
				DEBUG_INFORMATION_FORMAT = "dwarf-with-dsym";
				ENABLE_NS_ASSERTIONS = NO;
				ENABLE_STRICT_OBJC_MSGSEND = YES;
				ENABLE_USER_SCRIPT_SANDBOXING = YES;
				GCC_C_LANGUAGE_STANDARD = gnu17;
				GCC_NO_COMMON_BLOCKS = YES;
				GCC_WARN_64_TO_32_BIT_CONVERSION = YES;
				GCC_WARN_ABOUT_RETURN_TYPE = YES_ERROR;
				GCC_WARN_UNDECLARED_SELECTOR = YES;
				GCC_WARN_UNINITIALIZED_AUTOS = YES_AGGRESSIVE;
				GCC_WARN_UNUSED_FUNCTION = YES;
				GCC_WARN_UNUSED_VARIABLE = YES;
				IPHONEOS_DEPLOYMENT_TARGET = 17.5;
				LOCALIZATION_PREFERS_STRING_CATALOGS = YES;
				MTL_ENABLE_DEBUG_INFO = NO;
				MTL_FAST_MATH = YES;
				SDKROOT = iphoneos;
				SWIFT_COMPILATION_MODE = wholemodule;
				VALIDATE_PRODUCT = YES;
			};
			name = Release;
		};
		C71E77062D68BB6300666002 /* Debug */ = {
			isa = XCBuildConfiguration;
			baseConfigurationReference = 551EC690CE60B1C6A6D3D3C0 /* Pods-ToDoApp.debug.xcconfig */;
			buildSettings = {
				ASSETCATALOG_COMPILER_APPICON_NAME = AppIcon;
				ASSETCATALOG_COMPILER_GLOBAL_ACCENT_COLOR_NAME = AccentColor;
				CODE_SIGN_STYLE = Automatic;
				CURRENT_PROJECT_VERSION = 1;
				ENABLE_USER_SCRIPT_SANDBOXING = NO;
				GENERATE_INFOPLIST_FILE = YES;
				INFOPLIST_FILE = ToDoApp/Info.plist;
				INFOPLIST_KEY_UIApplicationSupportsIndirectInputEvents = YES;
				INFOPLIST_KEY_UILaunchStoryboardName = LaunchScreen;
				INFOPLIST_KEY_UISupportedInterfaceOrientations_iPad = "UIInterfaceOrientationPortrait UIInterfaceOrientationPortraitUpsideDown UIInterfaceOrientationLandscapeLeft UIInterfaceOrientationLandscapeRight";
				INFOPLIST_KEY_UISupportedInterfaceOrientations_iPhone = "UIInterfaceOrientationPortrait UIInterfaceOrientationLandscapeLeft UIInterfaceOrientationLandscapeRight";
				LD_RUNPATH_SEARCH_PATHS = (
					"$(inherited)",
					"@executable_path/Frameworks",
				);
				MARKETING_VERSION = 1.0;
				PRODUCT_BUNDLE_IDENTIFIER = koda.ToDoApp;
				PRODUCT_NAME = "$(TARGET_NAME)";
				SWIFT_EMIT_LOC_STRINGS = YES;
				SWIFT_VERSION = 5.0;
				TARGETED_DEVICE_FAMILY = "1,2";
			};
			name = Debug;
		};
		C71E77072D68BB6300666002 /* Release */ = {
			isa = XCBuildConfiguration;
			baseConfigurationReference = 5A255F8035D18470603E742C /* Pods-ToDoApp.release.xcconfig */;
			buildSettings = {
				ASSETCATALOG_COMPILER_APPICON_NAME = AppIcon;
				ASSETCATALOG_COMPILER_GLOBAL_ACCENT_COLOR_NAME = AccentColor;
				CODE_SIGN_STYLE = Automatic;
				CURRENT_PROJECT_VERSION = 1;
				ENABLE_USER_SCRIPT_SANDBOXING = NO;
				GENERATE_INFOPLIST_FILE = YES;
				INFOPLIST_FILE = ToDoApp/Info.plist;
				INFOPLIST_KEY_UIApplicationSupportsIndirectInputEvents = YES;
				INFOPLIST_KEY_UILaunchStoryboardName = LaunchScreen;
				INFOPLIST_KEY_UISupportedInterfaceOrientations_iPad = "UIInterfaceOrientationPortrait UIInterfaceOrientationPortraitUpsideDown UIInterfaceOrientationLandscapeLeft UIInterfaceOrientationLandscapeRight";
				INFOPLIST_KEY_UISupportedInterfaceOrientations_iPhone = "UIInterfaceOrientationPortrait UIInterfaceOrientationLandscapeLeft UIInterfaceOrientationLandscapeRight";
				LD_RUNPATH_SEARCH_PATHS = (
					"$(inherited)",
					"@executable_path/Frameworks",
				);
				MARKETING_VERSION = 1.0;
				PRODUCT_BUNDLE_IDENTIFIER = koda.ToDoApp;
				PRODUCT_NAME = "$(TARGET_NAME)";
				SWIFT_EMIT_LOC_STRINGS = YES;
				SWIFT_VERSION = 5.0;
				TARGETED_DEVICE_FAMILY = "1,2";
			};
			name = Release;
		};
		C78CF3842D7A1C5C00E7AF45 /* Debug */ = {
			isa = XCBuildConfiguration;
			buildSettings = {
				BUNDLE_LOADER = "$(TEST_HOST)";
				CODE_SIGN_STYLE = Automatic;
				CURRENT_PROJECT_VERSION = 1;
				GENERATE_INFOPLIST_FILE = YES;
				MARKETING_VERSION = 1.0;
				PRODUCT_BUNDLE_IDENTIFIER = koda.ToDoListTests;
				PRODUCT_NAME = "$(TARGET_NAME)";
				SWIFT_EMIT_LOC_STRINGS = NO;
				SWIFT_VERSION = 5.0;
				TARGETED_DEVICE_FAMILY = "1,2";
				TEST_HOST = "$(BUILT_PRODUCTS_DIR)/ToDoApp.app/$(BUNDLE_EXECUTABLE_FOLDER_PATH)/ToDoApp";
			};
			name = Debug;
		};
		C78CF3852D7A1C5C00E7AF45 /* Release */ = {
			isa = XCBuildConfiguration;
			buildSettings = {
				BUNDLE_LOADER = "$(TEST_HOST)";
				CODE_SIGN_STYLE = Automatic;
				CURRENT_PROJECT_VERSION = 1;
				GENERATE_INFOPLIST_FILE = YES;
				MARKETING_VERSION = 1.0;
				PRODUCT_BUNDLE_IDENTIFIER = koda.ToDoListTests;
				PRODUCT_NAME = "$(TARGET_NAME)";
				SWIFT_EMIT_LOC_STRINGS = NO;
				SWIFT_VERSION = 5.0;
				TARGETED_DEVICE_FAMILY = "1,2";
				TEST_HOST = "$(BUILT_PRODUCTS_DIR)/ToDoApp.app/$(BUNDLE_EXECUTABLE_FOLDER_PATH)/ToDoApp";
			};
			name = Release;
		};
		C78CF3922D7A1E3000E7AF45 /* Debug */ = {
			isa = XCBuildConfiguration;
			buildSettings = {
				BUNDLE_LOADER = "$(TEST_HOST)";
				CODE_SIGN_STYLE = Automatic;
				CURRENT_PROJECT_VERSION = 1;
				GENERATE_INFOPLIST_FILE = YES;
				MARKETING_VERSION = 1.0;
				PRODUCT_BUNDLE_IDENTIFIER = koda.CoreDataServiceTests;
				PRODUCT_NAME = "$(TARGET_NAME)";
				SWIFT_EMIT_LOC_STRINGS = NO;
				SWIFT_VERSION = 5.0;
				TARGETED_DEVICE_FAMILY = "1,2";
				TEST_HOST = "$(BUILT_PRODUCTS_DIR)/ToDoApp.app/$(BUNDLE_EXECUTABLE_FOLDER_PATH)/ToDoApp";
			};
			name = Debug;
		};
		C78CF3932D7A1E3000E7AF45 /* Release */ = {
			isa = XCBuildConfiguration;
			buildSettings = {
				BUNDLE_LOADER = "$(TEST_HOST)";
				CODE_SIGN_STYLE = Automatic;
				CURRENT_PROJECT_VERSION = 1;
				GENERATE_INFOPLIST_FILE = YES;
				MARKETING_VERSION = 1.0;
				PRODUCT_BUNDLE_IDENTIFIER = koda.CoreDataServiceTests;
				PRODUCT_NAME = "$(TARGET_NAME)";
				SWIFT_EMIT_LOC_STRINGS = NO;
				SWIFT_VERSION = 5.0;
				TARGETED_DEVICE_FAMILY = "1,2";
				TEST_HOST = "$(BUILT_PRODUCTS_DIR)/ToDoApp.app/$(BUNDLE_EXECUTABLE_FOLDER_PATH)/ToDoApp";
			};
			name = Release;
		};
		C78CF39F2D7A1E6F00E7AF45 /* Debug */ = {
			isa = XCBuildConfiguration;
			buildSettings = {
				BUNDLE_LOADER = "$(TEST_HOST)";
				CODE_SIGN_STYLE = Automatic;
				CURRENT_PROJECT_VERSION = 1;
				GENERATE_INFOPLIST_FILE = YES;
				MARKETING_VERSION = 1.0;
				PRODUCT_BUNDLE_IDENTIFIER = koda.TaskListPresenterTests;
				PRODUCT_NAME = "$(TARGET_NAME)";
				SWIFT_EMIT_LOC_STRINGS = NO;
				SWIFT_VERSION = 5.0;
				TARGETED_DEVICE_FAMILY = "1,2";
				TEST_HOST = "$(BUILT_PRODUCTS_DIR)/ToDoApp.app/$(BUNDLE_EXECUTABLE_FOLDER_PATH)/ToDoApp";
			};
			name = Debug;
		};
		C78CF3A02D7A1E6F00E7AF45 /* Release */ = {
			isa = XCBuildConfiguration;
			buildSettings = {
				BUNDLE_LOADER = "$(TEST_HOST)";
				CODE_SIGN_STYLE = Automatic;
				CURRENT_PROJECT_VERSION = 1;
				GENERATE_INFOPLIST_FILE = YES;
				MARKETING_VERSION = 1.0;
				PRODUCT_BUNDLE_IDENTIFIER = koda.TaskListPresenterTests;
				PRODUCT_NAME = "$(TARGET_NAME)";
				SWIFT_EMIT_LOC_STRINGS = NO;
				SWIFT_VERSION = 5.0;
				TARGETED_DEVICE_FAMILY = "1,2";
				TEST_HOST = "$(BUILT_PRODUCTS_DIR)/ToDoApp.app/$(BUNDLE_EXECUTABLE_FOLDER_PATH)/ToDoApp";
			};
			name = Release;
		};
		C78CF3AC2D7A1EA500E7AF45 /* Debug */ = {
			isa = XCBuildConfiguration;
			buildSettings = {
				BUNDLE_LOADER = "$(TEST_HOST)";
				CODE_SIGN_STYLE = Automatic;
				CURRENT_PROJECT_VERSION = 1;
				GENERATE_INFOPLIST_FILE = YES;
				MARKETING_VERSION = 1.0;
				PRODUCT_BUNDLE_IDENTIFIER = koda.TaskDetailPresenterTests;
				PRODUCT_NAME = "$(TARGET_NAME)";
				SWIFT_EMIT_LOC_STRINGS = NO;
				SWIFT_VERSION = 5.0;
				TARGETED_DEVICE_FAMILY = "1,2";
				TEST_HOST = "$(BUILT_PRODUCTS_DIR)/ToDoApp.app/$(BUNDLE_EXECUTABLE_FOLDER_PATH)/ToDoApp";
			};
			name = Debug;
		};
		C78CF3AD2D7A1EA500E7AF45 /* Release */ = {
			isa = XCBuildConfiguration;
			buildSettings = {
				BUNDLE_LOADER = "$(TEST_HOST)";
				CODE_SIGN_STYLE = Automatic;
				CURRENT_PROJECT_VERSION = 1;
				GENERATE_INFOPLIST_FILE = YES;
				MARKETING_VERSION = 1.0;
				PRODUCT_BUNDLE_IDENTIFIER = koda.TaskDetailPresenterTests;
				PRODUCT_NAME = "$(TARGET_NAME)";
				SWIFT_EMIT_LOC_STRINGS = NO;
				SWIFT_VERSION = 5.0;
				TARGETED_DEVICE_FAMILY = "1,2";
				TEST_HOST = "$(BUILT_PRODUCTS_DIR)/ToDoApp.app/$(BUNDLE_EXECUTABLE_FOLDER_PATH)/ToDoApp";
			};
			name = Release;
		};
/* End XCBuildConfiguration section */

/* Begin XCConfigurationList section */
		C71E76EC2D68BB6100666002 /* Build configuration list for PBXProject "ToDoApp" */ = {
			isa = XCConfigurationList;
			buildConfigurations = (
				C71E77032D68BB6300666002 /* Debug */,
				C71E77042D68BB6300666002 /* Release */,
			);
			defaultConfigurationIsVisible = 0;
			defaultConfigurationName = Release;
		};
		C71E77052D68BB6300666002 /* Build configuration list for PBXNativeTarget "ToDoApp" */ = {
			isa = XCConfigurationList;
			buildConfigurations = (
				C71E77062D68BB6300666002 /* Debug */,
				C71E77072D68BB6300666002 /* Release */,
			);
			defaultConfigurationIsVisible = 0;
			defaultConfigurationName = Release;
		};
		C78CF3862D7A1C5C00E7AF45 /* Build configuration list for PBXNativeTarget "ToDoListTests" */ = {
			isa = XCConfigurationList;
			buildConfigurations = (
				C78CF3842D7A1C5C00E7AF45 /* Debug */,
				C78CF3852D7A1C5C00E7AF45 /* Release */,
			);
			defaultConfigurationIsVisible = 0;
			defaultConfigurationName = Release;
		};
		C78CF3912D7A1E3000E7AF45 /* Build configuration list for PBXNativeTarget "CoreDataServiceTests" */ = {
			isa = XCConfigurationList;
			buildConfigurations = (
				C78CF3922D7A1E3000E7AF45 /* Debug */,
				C78CF3932D7A1E3000E7AF45 /* Release */,
			);
			defaultConfigurationIsVisible = 0;
			defaultConfigurationName = Release;
		};
		C78CF39E2D7A1E6F00E7AF45 /* Build configuration list for PBXNativeTarget "TaskListPresenterTests" */ = {
			isa = XCConfigurationList;
			buildConfigurations = (
				C78CF39F2D7A1E6F00E7AF45 /* Debug */,
				C78CF3A02D7A1E6F00E7AF45 /* Release */,
			);
			defaultConfigurationIsVisible = 0;
			defaultConfigurationName = Release;
		};
		C78CF3AB2D7A1EA500E7AF45 /* Build configuration list for PBXNativeTarget "TaskDetailPresenterTests" */ = {
			isa = XCConfigurationList;
			buildConfigurations = (
				C78CF3AC2D7A1EA500E7AF45 /* Debug */,
				C78CF3AD2D7A1EA500E7AF45 /* Release */,
			);
			defaultConfigurationIsVisible = 0;
			defaultConfigurationName = Release;
		};
/* End XCConfigurationList section */
	};
	rootObject = C71E76E92D68BB6100666002 /* Project object */;
}
